
Microsoft Visual Studio Solution File, Format Version 12.00
# Visual Studio Version 17
VisualStudioVersion = 17.2.32526.322
MinimumVisualStudioVersion = 10.0.40219.1
Project("{FAE04EC0-301F-11D3-BF4B-00C04F79EFBC}") = "ClienteWebSoap", "ClienteWebSoap\ClienteWebSoap.csproj", "{6E2C8F9F-656A-4C89-B19A-86A464BF6D76}"
EndProject
Global
	GlobalSection(SolutionConfigurationPlatforms) = preSolution
		Debug|Any CPU = Debug|Any CPU
		Release|Any CPU = Release|Any CPU
	EndGlobalSection
	GlobalSection(ProjectConfigurationPlatforms) = postSolution
		{6E2C8F9F-656A-4C89-B19A-86A464BF6D76}.Debug|Any CPU.ActiveCfg = Debug|Any CPU
		{6E2C8F9F-656A-4C89-B19A-86A464BF6D76}.Debug|Any CPU.Build.0 = Debug|Any CPU
		{6E2C8F9F-656A-4C89-B19A-86A464BF6D76}.Release|Any CPU.ActiveCfg = Release|Any CPU
		{6E2C8F9F-656A-4C89-B19A-86A464BF6D76}.Release|Any CPU.Build.0 = Release|Any CPU
	EndGlobalSection
	GlobalSection(SolutionProperties) = preSolution
		HideSolutionNode = FALSE
	EndGlobalSection
	GlobalSection(ExtensibilityGlobals) = postSolution
		SolutionGuid = {AFD9056B-9057-418A-BD65-AA8221BDDC9D}
	EndGlobalSection
EndGlobal
